
Microsoft Visual Studio Solution File, Format Version 12.00
# Visual Studio Version 17
VisualStudioVersion = 17.5.002.0
MinimumVisualStudioVersion = 10.0.40219.1
Project("{9A19103F-16F7-4668-BE54-9A1E7A4F7556}") = "lab-12-palindromic-primes-ChrizpyCream", "lab-12-palindromic-primes-ChrizpyCream.csproj", "{01923691-C191-45FD-AAE1-058059FA04E3}"
EndProject
Global
	GlobalSection(SolutionConfigurationPlatforms) = preSolution
		Debug|Any CPU = Debug|Any CPU
		Release|Any CPU = Release|Any CPU
	EndGlobalSection
	GlobalSection(ProjectConfigurationPlatforms) = postSolution
		{01923691-C191-45FD-AAE1-058059FA04E3}.Debug|Any CPU.ActiveCfg = Debug|Any CPU
		{01923691-C191-45FD-AAE1-058059FA04E3}.Debug|Any CPU.Build.0 = Debug|Any CPU
		{01923691-C191-45FD-AAE1-058059FA04E3}.Release|Any CPU.ActiveCfg = Release|Any CPU
		{01923691-C191-45FD-AAE1-058059FA04E3}.Release|Any CPU.Build.0 = Release|Any CPU
	EndGlobalSection
	GlobalSection(SolutionProperties) = preSolution
		HideSolutionNode = FALSE
	EndGlobalSection
	GlobalSection(ExtensibilityGlobals) = postSolution
		SolutionGuid = {32973726-486D-4C55-880D-27204AD241E9}
	EndGlobalSection
EndGlobal
